{
  "name": "country-selector-vue",
  "version": "1.0.0",
  "lockfileVersion": 2,
  "requires": true,
  "packages": {
    "": {
      "version": "1.0.0",
      "license": "ISC",
      "dependencies": {
        "buefy": "^0.9.4",
        "vue": "^2.6.12",
        "vuex": "^3.6.2"
      }
    },
    "node_modules/buefy": {
      "version": "0.9.4",
      "resolved": "https://registry.npmjs.org/buefy/-/buefy-0.9.4.tgz",
      "integrity": "sha512-LRSIYVNrKTPQhmNRegASkntX+ObtZ7aSSA/3cybDKXzGtPNy8g8cl2tp79Rl8/LBVH/KkRT5rmmzJ21nxz9IcQ==",
      "dependencies": {
        "bulma": "0.9.1"
      },
      "engines": {
        "node": ">= 4.0.0",
        "npm": ">= 3.0.0"
      },
      "peerDependencies": {
        "vue": "^2.6.11"
      }
    },
    "node_modules/bulma": {
      "version": "0.9.1",
      "resolved": "https://registry.npmjs.org/bulma/-/bulma-0.9.1.tgz",
      "integrity": "sha512-LSF69OumXg2HSKl2+rN0/OEXJy7WFEb681wtBlNS/ulJYR27J3rORHibdXZ6GVb/vyUzzYK/Arjyh56wjbFedA=="
    },
    "node_modules/vue": {
      "version": "2.6.12",
      "resolved": "https://registry.npmjs.org/vue/-/vue-2.6.12.tgz",
      "integrity": "sha512-uhmLFETqPPNyuLLbsKz6ioJ4q7AZHzD8ZVFNATNyICSZouqP2Sz0rotWQC8UNBF6VGSCs5abnKJoStA6JbCbfg=="
    },
    "node_modules/vuex": {
      "version": "3.6.2",
      "resolved": "https://registry.npmjs.org/vuex/-/vuex-3.6.2.tgz",
      "integrity": "sha512-ETW44IqCgBpVomy520DT5jf8n0zoCac+sxWnn+hMe/CzaSejb/eVw2YToiXYX+Ex/AuHHia28vWTq4goAexFbw==",
      "peerDependencies": {
        "vue": "^2.0.0"
      }
    }
  },
  "dependencies": {
    "buefy": {
      "version": "0.9.4",
      "resolved": "https://registry.npmjs.org/buefy/-/buefy-0.9.4.tgz",
      "integrity": "sha512-LRSIYVNrKTPQhmNRegASkntX+ObtZ7aSSA/3cybDKXzGtPNy8g8cl2tp79Rl8/LBVH/KkRT5rmmzJ21nxz9IcQ==",
      "requires": {
        "bulma": "0.9.1"
      }
    },
    "bulma": {
      "version": "0.9.1",
      "resolved": "https://registry.npmjs.org/bulma/-/bulma-0.9.1.tgz",
      "integrity": "sha512-LSF69OumXg2HSKl2+rN0/OEXJy7WFEb681wtBlNS/ulJYR27J3rORHibdXZ6GVb/vyUzzYK/Arjyh56wjbFedA=="
    },
    "vue": {
      "version": "2.6.12",
      "resolved": "https://registry.npmjs.org/vue/-/vue-2.6.12.tgz",
      "integrity": "sha512-uhmLFETqPPNyuLLbsKz6ioJ4q7AZHzD8ZVFNATNyICSZouqP2Sz0rotWQC8UNBF6VGSCs5abnKJoStA6JbCbfg=="
    },
    "vuex": {
      "version": "3.6.2",
      "resolved": "https://registry.npmjs.org/vuex/-/vuex-3.6.2.tgz",
      "integrity": "sha512-ETW44IqCgBpVomy520DT5jf8n0zoCac+sxWnn+hMe/CzaSejb/eVw2YToiXYX+Ex/AuHHia28vWTq4goAexFbw==",
      "requires": {}
    }
  }
}
